
Microsoft Visual Studio Solution File, Format Version 12.00
# Visual Studio 2012
Project("{FAE04EC0-301F-11D3-BF4B-00C04F79EFBC}") = "QuickCRM", "QuickCRM.csproj", "{134C0128-8FF3-49DF-9336-8B0CA223736D}"
EndProject
Global
	GlobalSection(TeamFoundationVersionControl) = preSolution
		SccNumberOfProjects = 2
		SccEnterpriseProvider = {4CA58AB2-18FA-4F8D-95D4-32DDF27D184C}
		SccTeamFoundationServer = https://tfs.codeplex.com/tfs/tfs16
		SccLocalPath0 = .
		SccProjectUniqueName1 = QuickCRM.csproj
		SccLocalPath1 = .
	EndGlobalSection
	GlobalSection(SolutionConfigurationPlatforms) = preSolution
		Debug|Any CPU = Debug|Any CPU
		Release|Any CPU = Release|Any CPU
	EndGlobalSection
	GlobalSection(ProjectConfigurationPlatforms) = postSolution
		{134C0128-8FF3-49DF-9336-8B0CA223736D}.Debug|Any CPU.ActiveCfg = Debug|Any CPU
		{134C0128-8FF3-49DF-9336-8B0CA223736D}.Debug|Any CPU.Build.0 = Debug|Any CPU
		{134C0128-8FF3-49DF-9336-8B0CA223736D}.Release|Any CPU.ActiveCfg = Release|Any CPU
		{134C0128-8FF3-49DF-9336-8B0CA223736D}.Release|Any CPU.Build.0 = Release|Any CPU
	EndGlobalSection
	GlobalSection(SolutionProperties) = preSolution
		HideSolutionNode = FALSE
	EndGlobalSection
EndGlobal
